
Microsoft Visual Studio Solution File, Format Version 12.00
# Visual Studio 15
VisualStudioVersion = 15.0.27130.2020
MinimumVisualStudioVersion = 10.0.40219.1
Project("{8BC9CEB8-8B4A-11D0-8D11-00A0C91BC942}") = "BJ_14716_현수막", "BJ_14716_현수막\BJ_14716_현수막.vcxproj", "{266C5B27-2077-4A11-ACDF-E2987DB51581}"
EndProject
Global
	GlobalSection(SolutionConfigurationPlatforms) = preSolution
		Debug|x64 = Debug|x64
		Debug|x86 = Debug|x86
		Release|x64 = Release|x64
		Release|x86 = Release|x86
	EndGlobalSection
	GlobalSection(ProjectConfigurationPlatforms) = postSolution
		{266C5B27-2077-4A11-ACDF-E2987DB51581}.Debug|x64.ActiveCfg = Debug|x64
		{266C5B27-2077-4A11-ACDF-E2987DB51581}.Debug|x64.Build.0 = Debug|x64
		{266C5B27-2077-4A11-ACDF-E2987DB51581}.Debug|x86.ActiveCfg = Debug|Win32
		{266C5B27-2077-4A11-ACDF-E2987DB51581}.Debug|x86.Build.0 = Debug|Win32
		{266C5B27-2077-4A11-ACDF-E2987DB51581}.Release|x64.ActiveCfg = Release|x64
		{266C5B27-2077-4A11-ACDF-E2987DB51581}.Release|x64.Build.0 = Release|x64
		{266C5B27-2077-4A11-ACDF-E2987DB51581}.Release|x86.ActiveCfg = Release|Win32
		{266C5B27-2077-4A11-ACDF-E2987DB51581}.Release|x86.Build.0 = Release|Win32
	EndGlobalSection
	GlobalSection(SolutionProperties) = preSolution
		HideSolutionNode = FALSE
	EndGlobalSection
	GlobalSection(ExtensibilityGlobals) = postSolution
		SolutionGuid = {2CE7C4D9-117B-4E25-A8B9-41DC11472158}
	EndGlobalSection
EndGlobal
