
Microsoft Visual Studio Solution File, Format Version 12.00
# Visual Studio 15
VisualStudioVersion = 15.0.27130.2020
MinimumVisualStudioVersion = 10.0.40219.1
Project("{8BC9CEB8-8B4A-11D0-8D11-00A0C91BC942}") = "BJ_연산자끼워넣기", "BJ_연산자끼워넣기\BJ_연산자끼워넣기.vcxproj", "{65FA82DC-E213-4ED8-BBCB-99EF886DBFDA}"
EndProject
Global
	GlobalSection(SolutionConfigurationPlatforms) = preSolution
		Debug|x64 = Debug|x64
		Debug|x86 = Debug|x86
		Release|x64 = Release|x64
		Release|x86 = Release|x86
	EndGlobalSection
	GlobalSection(ProjectConfigurationPlatforms) = postSolution
		{65FA82DC-E213-4ED8-BBCB-99EF886DBFDA}.Debug|x64.ActiveCfg = Debug|x64
		{65FA82DC-E213-4ED8-BBCB-99EF886DBFDA}.Debug|x64.Build.0 = Debug|x64
		{65FA82DC-E213-4ED8-BBCB-99EF886DBFDA}.Debug|x86.ActiveCfg = Debug|Win32
		{65FA82DC-E213-4ED8-BBCB-99EF886DBFDA}.Debug|x86.Build.0 = Debug|Win32
		{65FA82DC-E213-4ED8-BBCB-99EF886DBFDA}.Release|x64.ActiveCfg = Release|x64
		{65FA82DC-E213-4ED8-BBCB-99EF886DBFDA}.Release|x64.Build.0 = Release|x64
		{65FA82DC-E213-4ED8-BBCB-99EF886DBFDA}.Release|x86.ActiveCfg = Release|Win32
		{65FA82DC-E213-4ED8-BBCB-99EF886DBFDA}.Release|x86.Build.0 = Release|Win32
	EndGlobalSection
	GlobalSection(SolutionProperties) = preSolution
		HideSolutionNode = FALSE
	EndGlobalSection
	GlobalSection(ExtensibilityGlobals) = postSolution
		SolutionGuid = {2204C0C9-D0F8-463F-A918-62F1688121F4}
	EndGlobalSection
EndGlobal
