
Microsoft Visual Studio Solution File, Format Version 12.00
# Visual Studio 15
VisualStudioVersion = 15.0.27130.2020
MinimumVisualStudioVersion = 10.0.40219.1
Project("{8BC9CEB8-8B4A-11D0-8D11-00A0C91BC942}") = "BJ_꽃길", "BJ_꽃길\BJ_꽃길.vcxproj", "{616EAFA4-BC5D-4AC3-81D1-64D71990B91D}"
EndProject
Global
	GlobalSection(SolutionConfigurationPlatforms) = preSolution
		Debug|x64 = Debug|x64
		Debug|x86 = Debug|x86
		Release|x64 = Release|x64
		Release|x86 = Release|x86
	EndGlobalSection
	GlobalSection(ProjectConfigurationPlatforms) = postSolution
		{616EAFA4-BC5D-4AC3-81D1-64D71990B91D}.Debug|x64.ActiveCfg = Debug|x64
		{616EAFA4-BC5D-4AC3-81D1-64D71990B91D}.Debug|x64.Build.0 = Debug|x64
		{616EAFA4-BC5D-4AC3-81D1-64D71990B91D}.Debug|x86.ActiveCfg = Debug|Win32
		{616EAFA4-BC5D-4AC3-81D1-64D71990B91D}.Debug|x86.Build.0 = Debug|Win32
		{616EAFA4-BC5D-4AC3-81D1-64D71990B91D}.Release|x64.ActiveCfg = Release|x64
		{616EAFA4-BC5D-4AC3-81D1-64D71990B91D}.Release|x64.Build.0 = Release|x64
		{616EAFA4-BC5D-4AC3-81D1-64D71990B91D}.Release|x86.ActiveCfg = Release|Win32
		{616EAFA4-BC5D-4AC3-81D1-64D71990B91D}.Release|x86.Build.0 = Release|Win32
	EndGlobalSection
	GlobalSection(SolutionProperties) = preSolution
		HideSolutionNode = FALSE
	EndGlobalSection
	GlobalSection(ExtensibilityGlobals) = postSolution
		SolutionGuid = {C2FB3301-77BB-4FA1-93EE-E0DE807CB7F6}
	EndGlobalSection
EndGlobal
